// !$*UTF8*$!
{
	archiveVersion = 1;
	classes = {
	};
	objectVersion = 56;
	objects = {

/* Begin PBXBuildFile section */
		0202EC7029763EFB00428842 /* Model.swift in Sources */ = {isa = PBXBuildFile; fileRef = 0202EC6F29763EFB00428842 /* Model.swift */; };
		0202EC7229763FB900428842 /* ViewModel.swift in Sources */ = {isa = PBXBuildFile; fileRef = 0202EC7129763FB900428842 /* ViewModel.swift */; };
		02ED66BC29763B1E00D36F90 /* JsonTestApp.swift in Sources */ = {isa = PBXBuildFile; fileRef = 02ED66BB29763B1E00D36F90 /* JsonTestApp.swift */; };
		02ED66BE29763B1E00D36F90 /* ContentView.swift in Sources */ = {isa = PBXBuildFile; fileRef = 02ED66BD29763B1E00D36F90 /* ContentView.swift */; };
		02ED66C029763B2000D36F90 /* Assets.xcassets in Resources */ = {isa = PBXBuildFile; fileRef = 02ED66BF29763B2000D36F90 /* Assets.xcassets */; };
		02ED66C329763B2000D36F90 /* Preview Assets.xcassets in Resources */ = {isa = PBXBuildFile; fileRef = 02ED66C229763B2000D36F90 /* Preview Assets.xcassets */; };
		02ED66CD29763B2100D36F90 /* JsonTestTests.swift in Sources */ = {isa = PBXBuildFile; fileRef = 02ED66CC29763B2100D36F90 /* JsonTestTests.swift */; };
		02ED66D729763B2100D36F90 /* JsonTestUITests.swift in Sources */ = {isa = PBXBuildFile; fileRef = 02ED66D629763B2100D36F90 /* JsonTestUITests.swift */; };
		02ED66D929763B2100D36F90 /* JsonTestUITestsLaunchTests.swift in Sources */ = {isa = PBXBuildFile; fileRef = 02ED66D829763B2100D36F90 /* JsonTestUITestsLaunchTests.swift */; };
/* End PBXBuildFile section */

/* Begin PBXContainerItemProxy section */
		02ED66C929763B2100D36F90 /* PBXContainerItemProxy */ = {
			isa = PBXContainerItemProxy;
			containerPortal = 02ED66B029763B1E00D36F90 /* Project object */;
			proxyType = 1;
			remoteGlobalIDString = 02ED66B729763B1E00D36F90;
			remoteInfo = JsonTest;
		};
		02ED66D329763B2100D36F90 /* PBXContainerItemProxy */ = {
			isa = PBXContainerItemProxy;
			containerPortal = 02ED66B029763B1E00D36F90 /* Project object */;
			proxyType = 1;
			remoteGlobalIDString = 02ED66B729763B1E00D36F90;
			remoteInfo = JsonTest;
		};
/* End PBXContainerItemProxy section */

/* Begin PBXFileReference section */
		0202EC6F29763EFB00428842 /* Model.swift */ = {isa = PBXFileReference; lastKnownFileType = sourcecode.swift; path = Model.swift; sourceTree = "<group>"; };
		0202EC7129763FB900428842 /* ViewModel.swift */ = {isa = PBXFileReference; lastKnownFileType = sourcecode.swift; path = ViewModel.swift; sourceTree = "<group>"; };
		02ED66B829763B1E00D36F90 /* JsonTest.app */ = {isa = PBXFileReference; explicitFileType = wrapper.application; includeInIndex = 0; path = JsonTest.app; sourceTree = BUILT_PRODUCTS_DIR; };
		02ED66BB29763B1E00D36F90 /* JsonTestApp.swift */ = {isa = PBXFileReference; lastKnownFileType = sourcecode.swift; path = JsonTestApp.swift; sourceTree = "<group>"; };
		02ED66BD29763B1E00D36F90 /* ContentView.swift */ = {isa = PBXFileReference; lastKnownFileType = sourcecode.swift; path = ContentView.swift; sourceTree = "<group>"; };
		02ED66BF29763B2000D36F90 /* Assets.xcassets */ = {isa = PBXFileReference; lastKnownFileType = folder.assetcatalog; path = Assets.xcassets; sourceTree = "<group>"; };
		02ED66C229763B2000D36F90 /* Preview Assets.xcassets */ = {isa = PBXFileReference; lastKnownFileType = folder.assetcatalog; path = "Preview Assets.xcassets"; sourceTree = "<group>"; };
		02ED66C829763B2100D36F90 /* JsonTestTests.xctest */ = {isa = PBXFileReference; explicitFileType = wrapper.cfbundle; includeInIndex = 0; path = JsonTestTests.xctest; sourceTree = BUILT_PRODUCTS_DIR; };
		02ED66CC29763B2100D36F90 /* JsonTestTests.swift */ = {isa = PBXFileReference; lastKnownFileType = sourcecode.swift; path = JsonTestTests.swift; sourceTree = "<group>"; };
		02ED66D229763B2100D36F90 /* JsonTestUITests.xctest */ = {isa = PBXFileReference; explicitFileType = wrapper.cfbundle; includeInIndex = 0; path = JsonTestUITests.xctest; sourceTree = BUILT_PRODUCTS_DIR; };
		02ED66D629763B2100D36F90 /* JsonTestUITests.swift */ = {isa = PBXFileReference; lastKnownFileType = sourcecode.swift; path = JsonTestUITests.swift; sourceTree = "<group>"; };
		02ED66D829763B2100D36F90 /* JsonTestUITestsLaunchTests.swift */ = {isa = PBXFileReference; lastKnownFileType = sourcecode.swift; path = JsonTestUITestsLaunchTests.swift; sourceTree = "<group>"; };
/* End PBXFileReference section */

/* Begin PBXFrameworksBuildPhase section */
		02ED66B529763B1E00D36F90 /* Frameworks */ = {
			isa = PBXFrameworksBuildPhase;
			buildActionMask = 2147483647;
			files = (
			);
			runOnlyForDeploymentPostprocessing = 0;
		};
		02ED66C529763B2100D36F90 /* Frameworks */ = {
			isa = PBXFrameworksBuildPhase;
			buildActionMask = 2147483647;
			files = (
			);
			runOnlyForDeploymentPostprocessing = 0;
		};
		02ED66CF29763B2100D36F90 /* Frameworks */ = {
			isa = PBXFrameworksBuildPhase;
			buildActionMask = 2147483647;
			files = (
			);
			runOnlyForDeploymentPostprocessing = 0;
		};
/* End PBXFrameworksBuildPhase section */

/* Begin PBXGroup section */
		02ED66AF29763B1E00D36F90 = {
			isa = PBXGroup;
			children = (
				02ED66BA29763B1E00D36F90 /* JsonTest */,
				02ED66CB29763B2100D36F90 /* JsonTestTests */,
				02ED66D529763B2100D36F90 /* JsonTestUITests */,
				02ED66B929763B1E00D36F90 /* Products */,
			);
			sourceTree = "<group>";
		};
		02ED66B929763B1E00D36F90 /* Products */ = {
			isa = PBXGroup;
			children = (
				02ED66B829763B1E00D36F90 /* JsonTest.app */,
				02ED66C829763B2100D36F90 /* JsonTestTests.xctest */,
				02ED66D229763B2100D36F90 /* JsonTestUITests.xctest */,
			);
			name = Products;
			sourceTree = "<group>";
		};
		02ED66BA29763B1E00D36F90 /* JsonTest */ = {
			isa = PBXGroup;
			children = (
				02ED66BB29763B1E00D36F90 /* JsonTestApp.swift */,
				02ED66BD29763B1E00D36F90 /* ContentView.swift */,
				0202EC6F29763EFB00428842 /* Model.swift */,
				0202EC7129763FB900428842 /* ViewModel.swift */,
				02ED66BF29763B2000D36F90 /* Assets.xcassets */,
				02ED66C129763B2000D36F90 /* Preview Content */,
			);
			path = JsonTest;
			sourceTree = "<group>";
		};
		02ED66C129763B2000D36F90 /* Preview Content */ = {
			isa = PBXGroup;
			children = (
				02ED66C229763B2000D36F90 /* Preview Assets.xcassets */,
			);
			path = "Preview Content";
			sourceTree = "<group>";
		};
		02ED66CB29763B2100D36F90 /* JsonTestTests */ = {
			isa = PBXGroup;
			children = (
				02ED66CC29763B2100D36F90 /* JsonTestTests.swift */,
			);
			path = JsonTestTests;
			sourceTree = "<group>";
		};
		02ED66D529763B2100D36F90 /* JsonTestUITests */ = {
			isa = PBXGroup;
			children = (
				02ED66D629763B2100D36F90 /* JsonTestUITests.swift */,
				02ED66D829763B2100D36F90 /* JsonTestUITestsLaunchTests.swift */,
			);
			path = JsonTestUITests;
			sourceTree = "<group>";
		};
/* End PBXGroup section */

/* Begin PBXNativeTarget section */
		02ED66B729763B1E00D36F90 /* JsonTest */ = {
			isa = PBXNativeTarget;
			buildConfigurationList = 02ED66DC29763B2100D36F90 /* Build configuration list for PBXNativeTarget "JsonTest" */;
			buildPhases = (
				02ED66B429763B1E00D36F90 /* Sources */,
				02ED66B529763B1E00D36F90 /* Frameworks */,
				02ED66B629763B1E00D36F90 /* Resources */,
			);
			buildRules = (
			);
			dependencies = (
			);
			name = JsonTest;
			productName = JsonTest;
			productReference = 02ED66B829763B1E00D36F90 /* JsonTest.app */;
			productType = "com.apple.product-type.application";
		};
		02ED66C729763B2100D36F90 /* JsonTestTests */ = {
			isa = PBXNativeTarget;
			buildConfigurationList = 02ED66DF29763B2100D36F90 /* Build configuration list for PBXNativeTarget "JsonTestTests" */;
			buildPhases = (
				02ED66C429763B2100D36F90 /* Sources */,
				02ED66C529763B2100D36F90 /* Frameworks */,
				02ED66C629763B2100D36F90 /* Resources */,
			);
			buildRules = (
			);
			dependencies = (
				02ED66CA29763B2100D36F90 /* PBXTargetDependency */,
			);
			name = JsonTestTests;
			productName = JsonTestTests;
			productReference = 02ED66C829763B2100D36F90 /* JsonTestTests.xctest */;
			productType = "com.apple.product-type.bundle.unit-test";
		};
		02ED66D129763B2100D36F90 /* JsonTestUITests */ = {
			isa = PBXNativeTarget;
			buildConfigurationList = 02ED66E229763B2100D36F90 /* Build configuration list for PBXNativeTarget "JsonTestUITests" */;
			buildPhases = (
				02ED66CE29763B2100D36F90 /* Sources */,
				02ED66CF29763B2100D36F90 /* Frameworks */,
				02ED66D029763B2100D36F90 /* Resources */,
			);
			buildRules = (
			);
			dependencies = (
				02ED66D429763B2100D36F90 /* PBXTargetDependency */,
			);
			name = JsonTestUITests;
			productName = JsonTestUITests;
			productReference = 02ED66D229763B2100D36F90 /* JsonTestUITests.xctest */;
			productType = "com.apple.product-type.bundle.ui-testing";
		};
/* End PBXNativeTarget section */

/* Begin PBXProject section */
		02ED66B029763B1E00D36F90 /* Project object */ = {
			isa = PBXProject;
			attributes = {
				BuildIndependentTargetsInParallel = 1;
				LastSwiftUpdateCheck = 1410;
				LastUpgradeCheck = 1410;
				TargetAttributes = {
					02ED66B729763B1E00D36F90 = {
						CreatedOnToolsVersion = 14.1;
					};
					02ED66C729763B2100D36F90 = {
						CreatedOnToolsVersion = 14.1;
						TestTargetID = 02ED66B729763B1E00D36F90;
					};
					02ED66D129763B2100D36F90 = {
						CreatedOnToolsVersion = 14.1;
						TestTargetID = 02ED66B729763B1E00D36F90;
					};
				};
			};
			buildConfigurationList = 02ED66B329763B1E00D36F90 /* Build configuration list for PBXProject "JsonTest" */;
			compatibilityVersion = "Xcode 14.0";
			developmentRegion = en;
			hasScannedForEncodings = 0;
			knownRegions = (
				en,
				Base,
			);
			mainGroup = 02ED66AF29763B1E00D36F90;
			productRefGroup = 02ED66B929763B1E00D36F90 /* Products */;
			projectDirPath = "";
			projectRoot = "";
			targets = (
				02ED66B729763B1E00D36F90 /* JsonTest */,
				02ED66C729763B2100D36F90 /* JsonTestTests */,
				02ED66D129763B2100D36F90 /* JsonTestUITests */,
			);
		};
/* End PBXProject section */

/* Begin PBXResourcesBuildPhase section */
		02ED66B629763B1E00D36F90 /* Resources */ = {
			isa = PBXResourcesBuildPhase;
			buildActionMask = 2147483647;
			files = (
				02ED66C329763B2000D36F90 /* Preview Assets.xcassets in Resources */,
				02ED66C029763B2000D36F90 /* Assets.xcassets in Resources */,
			);
			runOnlyForDeploymentPostprocessing = 0;
		};
		02ED66C629763B2100D36F90 /* Resources */ = {
			isa = PBXResourcesBuildPhase;
			buildActionMask = 2147483647;
			files = (
			);
			runOnlyForDeploymentPostprocessing = 0;
		};
		02ED66D029763B2100D36F90 /* Resources */ = {
			isa = PBXResourcesBuildPhase;
			buildActionMask = 2147483647;
			files = (
			);
			runOnlyForDeploymentPostprocessing = 0;
		};
/* End PBXResourcesBuildPhase section */

/* Begin PBXSourcesBuildPhase section */
		02ED66B429763B1E00D36F90 /* Sources */ = {
			isa = PBXSourcesBuildPhase;
			buildActionMask = 2147483647;
			files = (
				0202EC7029763EFB00428842 /* Model.swift in Sources */,
				02ED66BE29763B1E00D36F90 /* ContentView.swift in Sources */,
				0202EC7229763FB900428842 /* ViewModel.swift in Sources */,
				02ED66BC29763B1E00D36F90 /* JsonTestApp.swift in Sources */,
			);
			runOnlyForDeploymentPostprocessing = 0;
		};
		02ED66C429763B2100D36F90 /* Sources */ = {
			isa = PBXSourcesBuildPhase;
			buildActionMask = 2147483647;
			files = (
				02ED66CD29763B2100D36F90 /* JsonTestTests.swift in Sources */,
			);
			runOnlyForDeploymentPostprocessing = 0;
		};
		02ED66CE29763B2100D36F90 /* Sources */ = {
			isa = PBXSourcesBuildPhase;
			buildActionMask = 2147483647;
			files = (
				02ED66D929763B2100D36F90 /* JsonTestUITestsLaunchTests.swift in Sources */,
				02ED66D729763B2100D36F90 /* JsonTestUITests.swift in Sources */,
			);
			runOnlyForDeploymentPostprocessing = 0;
		};
/* End PBXSourcesBuildPhase section */

/* Begin PBXTargetDependency section */
		02ED66CA29763B2100D36F90 /* PBXTargetDependency */ = {
			isa = PBXTargetDependency;
			target = 02ED66B729763B1E00D36F90 /* JsonTest */;
			targetProxy = 02ED66C929763B2100D36F90 /* PBXContainerItemProxy */;
		};
		02ED66D429763B2100D36F90 /* PBXTargetDependency */ = {
			isa = PBXTargetDependency;
			target = 02ED66B729763B1E00D36F90 /* JsonTest */;
			targetProxy = 02ED66D329763B2100D36F90 /* PBXContainerItemProxy */;
		};
/* End PBXTargetDependency section */

/* Begin XCBuildConfiguration section */
		02ED66DA29763B2100D36F90 /* Debug */ = {
			isa = XCBuildConfiguration;
			buildSettings = {
				ALWAYS_SEARCH_USER_PATHS = NO;
				CLANG_ANALYZER_NONNULL = YES;
				CLANG_ANALYZER_NUMBER_OBJECT_CONVERSION = YES_AGGRESSIVE;
				CLANG_CXX_LANGUAGE_STANDARD = "gnu++20";
				CLANG_ENABLE_MODULES = YES;
				CLANG_ENABLE_OBJC_ARC = YES;
				CLANG_ENABLE_OBJC_WEAK = YES;
				CLANG_WARN_BLOCK_CAPTURE_AUTORELEASING = YES;
				CLANG_WARN_BOOL_CONVERSION = YES;
				CLANG_WARN_COMMA = YES;
				CLANG_WARN_CONSTANT_CONVERSION = YES;
				CLANG_WARN_DEPRECATED_OBJC_IMPLEMENTATIONS = YES;
				CLANG_WARN_DIRECT_OBJC_ISA_USAGE = YES_ERROR;
				CLANG_WARN_DOCUMENTATION_COMMENTS = YES;
				CLANG_WARN_EMPTY_BODY = YES;
				CLANG_WARN_ENUM_CONVERSION = YES;
				CLANG_WARN_INFINITE_RECURSION = YES;
				CLANG_WARN_INT_CONVERSION = YES;
				CLANG_WARN_NON_LITERAL_NULL_CONVERSION = YES;
				CLANG_WARN_OBJC_IMPLICIT_RETAIN_SELF = YES;
				CLANG_WARN_OBJC_LITERAL_CONVERSION = YES;
				CLANG_WARN_OBJC_ROOT_CLASS = YES_ERROR;
				CLANG_WARN_QUOTED_INCLUDE_IN_FRAMEWORK_HEADER = YES;
				CLANG_WARN_RANGE_LOOP_ANALYSIS = YES;
				CLANG_WARN_STRICT_PROTOTYPES = YES;
				CLANG_WARN_SUSPICIOUS_MOVE = YES;
				CLANG_WARN_UNGUARDED_AVAILABILITY = YES_AGGRESSIVE;
				CLANG_WARN_UNREACHABLE_CODE = YES;
				CLANG_WARN__DUPLICATE_METHOD_MATCH = YES;
				COPY_PHASE_STRIP = NO;
				DEBUG_INFORMATION_FORMAT = dwarf;
				ENABLE_STRICT_OBJC_MSGSEND = YES;
				ENABLE_TESTABILITY = YES;
				GCC_C_LANGUAGE_STANDARD = gnu11;
				GCC_DYNAMIC_NO_PIC = NO;
				GCC_NO_COMMON_BLOCKS = YES;
				GCC_OPTIMIZATION_LEVEL = 0;
				GCC_PREPROCESSOR_DEFINITIONS = (
					"DEBUG=1",
					"$(inherited)",
				);
				GCC_WARN_64_TO_32_BIT_CONVERSION = YES;
				GCC_WARN_ABOUT_RETURN_TYPE = YES_ERROR;
				GCC_WARN_UNDECLARED_SELECTOR = YES;
				GCC_WARN_UNINITIALIZED_AUTOS = YES_AGGRESSIVE;
				GCC_WARN_UNUSED_FUNCTION = YES;
				GCC_WARN_UNUSED_VARIABLE = YES;
				IPHONEOS_DEPLOYMENT_TARGET = 16.1;
				MTL_ENABLE_DEBUG_INFO = INCLUDE_SOURCE;
				MTL_FAST_MATH = YES;
				ONLY_ACTIVE_ARCH = YES;
				SDKROOT = iphoneos;
				SWIFT_ACTIVE_COMPILATION_CONDITIONS = DEBUG;
				SWIFT_OPTIMIZATION_LEVEL = "-Onone";
			};
			name = Debug;
		};
		02ED66DB29763B2100D36F90 /* Release */ = {
			isa = XCBuildConfiguration;
			buildSettings = {
				ALWAYS_SEARCH_USER_PATHS = NO;
				CLANG_ANALYZER_NONNULL = YES;
				CLANG_ANALYZER_NUMBER_OBJECT_CONVERSION = YES_AGGRESSIVE;
				CLANG_CXX_LANGUAGE_STANDARD = "gnu++20";
				CLANG_ENABLE_MODULES = YES;
				CLANG_ENABLE_OBJC_ARC = YES;
				CLANG_ENABLE_OBJC_WEAK = YES;
				CLANG_WARN_BLOCK_CAPTURE_AUTORELEASING = YES;
				CLANG_WARN_BOOL_CONVERSION = YES;
				CLANG_WARN_COMMA = YES;
				CLANG_WARN_CONSTANT_CONVERSION = YES;
				CLANG_WARN_DEPRECATED_OBJC_IMPLEMENTATIONS = YES;
				CLANG_WARN_DIRECT_OBJC_ISA_USAGE = YES_ERROR;
				CLANG_WARN_DOCUMENTATION_COMMENTS = YES;
				CLANG_WARN_EMPTY_BODY = YES;
				CLANG_WARN_ENUM_CONVERSION = YES;
				CLANG_WARN_INFINITE_RECURSION = YES;
				CLANG_WARN_INT_CONVERSION = YES;
				CLANG_WARN_NON_LITERAL_NULL_CONVERSION = YES;
				CLANG_WARN_OBJC_IMPLICIT_RETAIN_SELF = YES;
				CLANG_WARN_OBJC_LITERAL_CONVERSION = YES;
				CLANG_WARN_OBJC_ROOT_CLASS = YES_ERROR;
				CLANG_WARN_QUOTED_INCLUDE_IN_FRAMEWORK_HEADER = YES;
				CLANG_WARN_RANGE_LOOP_ANALYSIS = YES;
				CLANG_WARN_STRICT_PROTOTYPES = YES;
				CLANG_WARN_SUSPICIOUS_MOVE = YES;
				CLANG_WARN_UNGUARDED_AVAILABILITY = YES_AGGRESSIVE;
				CLANG_WARN_UNREACHABLE_CODE = YES;
				CLANG_WARN__DUPLICATE_METHOD_MATCH = YES;
				COPY_PHASE_STRIP = NO;
				DEBUG_INFORMATION_FORMAT = "dwarf-with-dsym";
				ENABLE_NS_ASSERTIONS = NO;
				ENABLE_STRICT_OBJC_MSGSEND = YES;
				GCC_C_LANGUAGE_STANDARD = gnu11;
				GCC_NO_COMMON_BLOCKS = YES;
				GCC_WARN_64_TO_32_BIT_CONVERSION = YES;
				GCC_WARN_ABOUT_RETURN_TYPE = YES_ERROR;
				GCC_WARN_UNDECLARED_SELECTOR = YES;
				GCC_WARN_UNINITIALIZED_AUTOS = YES_AGGRESSIVE;
				GCC_WARN_UNUSED_FUNCTION = YES;
				GCC_WARN_UNUSED_VARIABLE = YES;
				IPHONEOS_DEPLOYMENT_TARGET = 16.1;
				MTL_ENABLE_DEBUG_INFO = NO;
				MTL_FAST_MATH = YES;
				SDKROOT = iphoneos;
				SWIFT_COMPILATION_MODE = wholemodule;
				SWIFT_OPTIMIZATION_LEVEL = "-O";
				VALIDATE_PRODUCT = YES;
			};
			name = Release;
		};
		02ED66DD29763B2100D36F90 /* Debug */ = {
			isa = XCBuildConfiguration;
			buildSettings = {
				ASSETCATALOG_COMPILER_APPICON_NAME = AppIcon;
				ASSETCATALOG_COMPILER_GLOBAL_ACCENT_COLOR_NAME = AccentColor;
				CODE_SIGN_STYLE = Automatic;
				CURRENT_PROJECT_VERSION = 1;
				DEVELOPMENT_ASSET_PATHS = "\"JsonTest/Preview Content\"";
				ENABLE_PREVIEWS = YES;
				GENERATE_INFOPLIST_FILE = YES;
				INFOPLIST_KEY_UIApplicationSceneManifest_Generation = YES;
				INFOPLIST_KEY_UIApplicationSupportsIndirectInputEvents = YES;
				INFOPLIST_KEY_UILaunchScreen_Generation = YES;
				INFOPLIST_KEY_UISupportedInterfaceOrientations_iPad = "UIInterfaceOrientationPortrait UIInterfaceOrientationPortraitUpsideDown UIInterfaceOrientationLandscapeLeft UIInterfaceOrientationLandscapeRight";
				INFOPLIST_KEY_UISupportedInterfaceOrientations_iPhone = "UIInterfaceOrientationPortrait UIInterfaceOrientationLandscapeLeft UIInterfaceOrientationLandscapeRight";
				LD_RUNPATH_SEARCH_PATHS = (
					"$(inherited)",
					"@executable_path/Frameworks",
				);
				MARKETING_VERSION = 1.0;
				PRODUCT_BUNDLE_IDENTIFIER = com.Jaafar.Zubaidi.JsonTest;
				PRODUCT_NAME = "$(TARGET_NAME)";
				SWIFT_EMIT_LOC_STRINGS = YES;
				SWIFT_VERSION = 5.0;
				TARGETED_DEVICE_FAMILY = "1,2";
			};
			name = Debug;
		};
		02ED66DE29763B2100D36F90 /* Release */ = {
			isa = XCBuildConfiguration;
			buildSettings = {
				ASSETCATALOG_COMPILER_APPICON_NAME = AppIcon;
				ASSETCATALOG_COMPILER_GLOBAL_ACCENT_COLOR_NAME = AccentColor;
				CODE_SIGN_STYLE = Automatic;
				CURRENT_PROJECT_VERSION = 1;
				DEVELOPMENT_ASSET_PATHS = "\"JsonTest/Preview Content\"";
				ENABLE_PREVIEWS = YES;
				GENERATE_INFOPLIST_FILE = YES;
				INFOPLIST_KEY_UIApplicationSceneManifest_Generation = YES;
				INFOPLIST_KEY_UIApplicationSupportsIndirectInputEvents = YES;
				INFOPLIST_KEY_UILaunchScreen_Generation = YES;
				INFOPLIST_KEY_UISupportedInterfaceOrientations_iPad = "UIInterfaceOrientationPortrait UIInterfaceOrientationPortraitUpsideDown UIInterfaceOrientationLandscapeLeft UIInterfaceOrientationLandscapeRight";
				INFOPLIST_KEY_UISupportedInterfaceOrientations_iPhone = "UIInterfaceOrientationPortrait UIInterfaceOrientationLandscapeLeft UIInterfaceOrientationLandscapeRight";
				LD_RUNPATH_SEARCH_PATHS = (
					"$(inherited)",
					"@executable_path/Frameworks",
				);
				MARKETING_VERSION = 1.0;
				PRODUCT_BUNDLE_IDENTIFIER = com.Jaafar.Zubaidi.JsonTest;
				PRODUCT_NAME = "$(TARGET_NAME)";
				SWIFT_EMIT_LOC_STRINGS = YES;
				SWIFT_VERSION = 5.0;
				TARGETED_DEVICE_FAMILY = "1,2";
			};
			name = Release;
		};
		02ED66E029763B2100D36F90 /* Debug */ = {
			isa = XCBuildConfiguration;
			buildSettings = {
				ALWAYS_EMBED_SWIFT_STANDARD_LIBRARIES = YES;
				BUNDLE_LOADER = "$(TEST_HOST)";
				CODE_SIGN_STYLE = Automatic;
				CURRENT_PROJECT_VERSION = 1;
				GENERATE_INFOPLIST_FILE = YES;
				IPHONEOS_DEPLOYMENT_TARGET = 16.1;
				MARKETING_VERSION = 1.0;
				PRODUCT_BUNDLE_IDENTIFIER = com.Jaafar.Zubaidi.JsonTestTests;
				PRODUCT_NAME = "$(TARGET_NAME)";
				SWIFT_EMIT_LOC_STRINGS = NO;
				SWIFT_VERSION = 5.0;
				TARGETED_DEVICE_FAMILY = "1,2";
				TEST_HOST = "$(BUILT_PRODUCTS_DIR)/JsonTest.app/$(BUNDLE_EXECUTABLE_FOLDER_PATH)/JsonTest";
			};
			name = Debug;
		};
		02ED66E129763B2100D36F90 /* Release */ = {
			isa = XCBuildConfiguration;
			buildSettings = {
				ALWAYS_EMBED_SWIFT_STANDARD_LIBRARIES = YES;
				BUNDLE_LOADER = "$(TEST_HOST)";
				CODE_SIGN_STYLE = Automatic;
				CURRENT_PROJECT_VERSION = 1;
				GENERATE_INFOPLIST_FILE = YES;
				IPHONEOS_DEPLOYMENT_TARGET = 16.1;
				MARKETING_VERSION = 1.0;
				PRODUCT_BUNDLE_IDENTIFIER = com.Jaafar.Zubaidi.JsonTestTests;
				PRODUCT_NAME = "$(TARGET_NAME)";
				SWIFT_EMIT_LOC_STRINGS = NO;
				SWIFT_VERSION = 5.0;
				TARGETED_DEVICE_FAMILY = "1,2";
				TEST_HOST = "$(BUILT_PRODUCTS_DIR)/JsonTest.app/$(BUNDLE_EXECUTABLE_FOLDER_PATH)/JsonTest";
			};
			name = Release;
		};
		02ED66E329763B2100D36F90 /* Debug */ = {
			isa = XCBuildConfiguration;
			buildSettings = {
				ALWAYS_EMBED_SWIFT_STANDARD_LIBRARIES = YES;
				CODE_SIGN_STYLE = Automatic;
				CURRENT_PROJECT_VERSION = 1;
				GENERATE_INFOPLIST_FILE = YES;
				MARKETING_VERSION = 1.0;
				PRODUCT_BUNDLE_IDENTIFIER = com.Jaafar.Zubaidi.JsonTestUITests;
				PRODUCT_NAME = "$(TARGET_NAME)";
				SWIFT_EMIT_LOC_STRINGS = NO;
				SWIFT_VERSION = 5.0;
				TARGETED_DEVICE_FAMILY = "1,2";
				TEST_TARGET_NAME = JsonTest;
			};
			name = Debug;
		};
		02ED66E429763B2100D36F90 /* Release */ = {
			isa = XCBuildConfiguration;
			buildSettings = {
				ALWAYS_EMBED_SWIFT_STANDARD_LIBRARIES = YES;
				CODE_SIGN_STYLE = Automatic;
				CURRENT_PROJECT_VERSION = 1;
				GENERATE_INFOPLIST_FILE = YES;
				MARKETING_VERSION = 1.0;
				PRODUCT_BUNDLE_IDENTIFIER = com.Jaafar.Zubaidi.JsonTestUITests;
				PRODUCT_NAME = "$(TARGET_NAME)";
				SWIFT_EMIT_LOC_STRINGS = NO;
				SWIFT_VERSION = 5.0;
				TARGETED_DEVICE_FAMILY = "1,2";
				TEST_TARGET_NAME = JsonTest;
			};
			name = Release;
		};
/* End XCBuildConfiguration section */

/* Begin XCConfigurationList section */
		02ED66B329763B1E00D36F90 /* Build configuration list for PBXProject "JsonTest" */ = {
			isa = XCConfigurationList;
			buildConfigurations = (
				02ED66DA29763B2100D36F90 /* Debug */,
				02ED66DB29763B2100D36F90 /* Release */,
			);
			defaultConfigurationIsVisible = 0;
			defaultConfigurationName = Release;
		};
		02ED66DC29763B2100D36F90 /* Build configuration list for PBXNativeTarget "JsonTest" */ = {
			isa = XCConfigurationList;
			buildConfigurations = (
				02ED66DD29763B2100D36F90 /* Debug */,
				02ED66DE29763B2100D36F90 /* Release */,
			);
			defaultConfigurationIsVisible = 0;
			defaultConfigurationName = Release;
		};
		02ED66DF29763B2100D36F90 /* Build configuration list for PBXNativeTarget "JsonTestTests" */ = {
			isa = XCConfigurationList;
			buildConfigurations = (
				02ED66E029763B2100D36F90 /* Debug */,
				02ED66E129763B2100D36F90 /* Release */,
			);
			defaultConfigurationIsVisible = 0;
			defaultConfigurationName = Release;
		};
		02ED66E229763B2100D36F90 /* Build configuration list for PBXNativeTarget "JsonTestUITests" */ = {
			isa = XCConfigurationList;
			buildConfigurations = (
				02ED66E329763B2100D36F90 /* Debug */,
				02ED66E429763B2100D36F90 /* Release */,
			);
			defaultConfigurationIsVisible = 0;
			defaultConfigurationName = Release;
		};
/* End XCConfigurationList section */
	};
	rootObject = 02ED66B029763B1E00D36F90 /* Project object */;
}
